
Microsoft Visual Studio Solution File, Format Version 12.00
# Visual Studio Version 16
VisualStudioVersion = 16.0.30503.244
MinimumVisualStudioVersion = 10.0.40219.1
Project("{FAE04EC0-301F-11D3-BF4B-00C04F79EFBC}") = "Task_1", "Task_1.csproj", "{4C13161A-42D1-44F2-A739-57E7DF2895DE}"
EndProject
Global
	GlobalSection(SolutionConfigurationPlatforms) = preSolution
		Debug|Any CPU = Debug|Any CPU
		Release|Any CPU = Release|Any CPU
	EndGlobalSection
	GlobalSection(ProjectConfigurationPlatforms) = postSolution
		{4C13161A-42D1-44F2-A739-57E7DF2895DE}.Debug|Any CPU.ActiveCfg = Debug|Any CPU
		{4C13161A-42D1-44F2-A739-57E7DF2895DE}.Debug|Any CPU.Build.0 = Debug|Any CPU
		{4C13161A-42D1-44F2-A739-57E7DF2895DE}.Release|Any CPU.ActiveCfg = Release|Any CPU
		{4C13161A-42D1-44F2-A739-57E7DF2895DE}.Release|Any CPU.Build.0 = Release|Any CPU
	EndGlobalSection
	GlobalSection(SolutionProperties) = preSolution
		HideSolutionNode = FALSE
	EndGlobalSection
	GlobalSection(ExtensibilityGlobals) = postSolution
		SolutionGuid = {B39DE3A6-DDAC-4F61-9B1B-3EDB55CC4FCF}
	EndGlobalSection
EndGlobal
